
Microsoft Visual Studio Solution File, Format Version 12.00
# Visual Studio Version 16
VisualStudioVersion = 16.0.31205.134
MinimumVisualStudioVersion = 10.0.40219.1
Project("{FAE04EC0-301F-11D3-BF4B-00C04F79EFBC}") = "ActionPL", "WpfApp1\ActionPL.csproj", "{FA4E491B-C71C-44D2-9E62-614A53A906B2}"
EndProject
Project("{2150E333-8FDC-42A3-9474-1A3956D46DE8}") = "BLL", "BLL", "{FC4A60C7-B45A-4BFA-9A47-BBEFD87A3DA9}"
EndProject
Project("{2150E333-8FDC-42A3-9474-1A3956D46DE8}") = "PL", "PL", "{96A4447D-AC3C-4E63-8FC9-0F31C47FC05C}"
EndProject
Project("{2150E333-8FDC-42A3-9474-1A3956D46DE8}") = "DAL", "DAL", "{EE67314D-1A46-4C35-BD3A-51D96193D212}"
EndProject
Project("{2150E333-8FDC-42A3-9474-1A3956D46DE8}") = "Common", "Common", "{38334F67-AD4B-44B6-8408-9190A2B98711}"
EndProject
Project("{FAE04EC0-301F-11D3-BF4B-00C04F79EFBC}") = "SqlEfDAL", "SqlEfDAL\SqlEfDAL.csproj", "{BC74237C-713A-4080-B897-16DF836C444A}"
EndProject
Project("{FAE04EC0-301F-11D3-BF4B-00C04F79EFBC}") = "DALInterfaces", "DALInterfaces\DALInterfaces.csproj", "{65FA3280-7518-4367-8D3B-0EBB1898A130}"
EndProject
Project("{FAE04EC0-301F-11D3-BF4B-00C04F79EFBC}") = "Entities", "Entities\Entities.csproj", "{84B7F688-946C-4969-83EA-6765E64AE154}"
EndProject
Project("{FAE04EC0-301F-11D3-BF4B-00C04F79EFBC}") = "Exceptions", "Exceptions\Exceptions.csproj", "{BDFD210F-13CB-4D90-87C9-C91624537FC7}"
EndProject
Project("{FAE04EC0-301F-11D3-BF4B-00C04F79EFBC}") = "ConsolePL", "ConsolePL\ConsolePL.csproj", "{9970870F-15E5-4B4C-9FAB-67F98A6DD67C}"
EndProject
Project("{FAE04EC0-301F-11D3-BF4B-00C04F79EFBC}") = "ВLLClasses", "ClientLogic\ВLLClasses.csproj", "{89358758-9B33-4D93-8270-5EDE657A6114}"
EndProject
Project("{FAE04EC0-301F-11D3-BF4B-00C04F79EFBC}") = "BLLInterfaces", "BLLInterfaces\BLLInterfaces.csproj", "{DE10F236-FE6A-4E3F-A643-FD953F97C4DA}"
EndProject
Global
	GlobalSection(SolutionConfigurationPlatforms) = preSolution
		Debug|Any CPU = Debug|Any CPU
		Release|Any CPU = Release|Any CPU
	EndGlobalSection
	GlobalSection(ProjectConfigurationPlatforms) = postSolution
		{FA4E491B-C71C-44D2-9E62-614A53A906B2}.Debug|Any CPU.ActiveCfg = Debug|Any CPU
		{FA4E491B-C71C-44D2-9E62-614A53A906B2}.Debug|Any CPU.Build.0 = Debug|Any CPU
		{FA4E491B-C71C-44D2-9E62-614A53A906B2}.Release|Any CPU.ActiveCfg = Release|Any CPU
		{FA4E491B-C71C-44D2-9E62-614A53A906B2}.Release|Any CPU.Build.0 = Release|Any CPU
		{BC74237C-713A-4080-B897-16DF836C444A}.Debug|Any CPU.ActiveCfg = Debug|Any CPU
		{BC74237C-713A-4080-B897-16DF836C444A}.Debug|Any CPU.Build.0 = Debug|Any CPU
		{BC74237C-713A-4080-B897-16DF836C444A}.Release|Any CPU.ActiveCfg = Release|Any CPU
		{BC74237C-713A-4080-B897-16DF836C444A}.Release|Any CPU.Build.0 = Release|Any CPU
		{65FA3280-7518-4367-8D3B-0EBB1898A130}.Debug|Any CPU.ActiveCfg = Debug|Any CPU
		{65FA3280-7518-4367-8D3B-0EBB1898A130}.Debug|Any CPU.Build.0 = Debug|Any CPU
		{65FA3280-7518-4367-8D3B-0EBB1898A130}.Release|Any CPU.ActiveCfg = Release|Any CPU
		{65FA3280-7518-4367-8D3B-0EBB1898A130}.Release|Any CPU.Build.0 = Release|Any CPU
		{84B7F688-946C-4969-83EA-6765E64AE154}.Debug|Any CPU.ActiveCfg = Debug|Any CPU
		{84B7F688-946C-4969-83EA-6765E64AE154}.Debug|Any CPU.Build.0 = Debug|Any CPU
		{84B7F688-946C-4969-83EA-6765E64AE154}.Release|Any CPU.ActiveCfg = Release|Any CPU
		{84B7F688-946C-4969-83EA-6765E64AE154}.Release|Any CPU.Build.0 = Release|Any CPU
		{BDFD210F-13CB-4D90-87C9-C91624537FC7}.Debug|Any CPU.ActiveCfg = Debug|Any CPU
		{BDFD210F-13CB-4D90-87C9-C91624537FC7}.Debug|Any CPU.Build.0 = Debug|Any CPU
		{BDFD210F-13CB-4D90-87C9-C91624537FC7}.Release|Any CPU.ActiveCfg = Release|Any CPU
		{BDFD210F-13CB-4D90-87C9-C91624537FC7}.Release|Any CPU.Build.0 = Release|Any CPU
		{9970870F-15E5-4B4C-9FAB-67F98A6DD67C}.Debug|Any CPU.ActiveCfg = Debug|Any CPU
		{9970870F-15E5-4B4C-9FAB-67F98A6DD67C}.Debug|Any CPU.Build.0 = Debug|Any CPU
		{9970870F-15E5-4B4C-9FAB-67F98A6DD67C}.Release|Any CPU.ActiveCfg = Release|Any CPU
		{9970870F-15E5-4B4C-9FAB-67F98A6DD67C}.Release|Any CPU.Build.0 = Release|Any CPU
		{89358758-9B33-4D93-8270-5EDE657A6114}.Debug|Any CPU.ActiveCfg = Debug|Any CPU
		{89358758-9B33-4D93-8270-5EDE657A6114}.Debug|Any CPU.Build.0 = Debug|Any CPU
		{89358758-9B33-4D93-8270-5EDE657A6114}.Release|Any CPU.ActiveCfg = Release|Any CPU
		{89358758-9B33-4D93-8270-5EDE657A6114}.Release|Any CPU.Build.0 = Release|Any CPU
		{DE10F236-FE6A-4E3F-A643-FD953F97C4DA}.Debug|Any CPU.ActiveCfg = Debug|Any CPU
		{DE10F236-FE6A-4E3F-A643-FD953F97C4DA}.Debug|Any CPU.Build.0 = Debug|Any CPU
		{DE10F236-FE6A-4E3F-A643-FD953F97C4DA}.Release|Any CPU.ActiveCfg = Release|Any CPU
		{DE10F236-FE6A-4E3F-A643-FD953F97C4DA}.Release|Any CPU.Build.0 = Release|Any CPU
	EndGlobalSection
	GlobalSection(SolutionProperties) = preSolution
		HideSolutionNode = FALSE
	EndGlobalSection
	GlobalSection(NestedProjects) = preSolution
		{FA4E491B-C71C-44D2-9E62-614A53A906B2} = {96A4447D-AC3C-4E63-8FC9-0F31C47FC05C}
		{BC74237C-713A-4080-B897-16DF836C444A} = {EE67314D-1A46-4C35-BD3A-51D96193D212}
		{65FA3280-7518-4367-8D3B-0EBB1898A130} = {EE67314D-1A46-4C35-BD3A-51D96193D212}
		{84B7F688-946C-4969-83EA-6765E64AE154} = {38334F67-AD4B-44B6-8408-9190A2B98711}
		{BDFD210F-13CB-4D90-87C9-C91624537FC7} = {38334F67-AD4B-44B6-8408-9190A2B98711}
		{9970870F-15E5-4B4C-9FAB-67F98A6DD67C} = {96A4447D-AC3C-4E63-8FC9-0F31C47FC05C}
		{89358758-9B33-4D93-8270-5EDE657A6114} = {FC4A60C7-B45A-4BFA-9A47-BBEFD87A3DA9}
		{DE10F236-FE6A-4E3F-A643-FD953F97C4DA} = {FC4A60C7-B45A-4BFA-9A47-BBEFD87A3DA9}
	EndGlobalSection
	GlobalSection(ExtensibilityGlobals) = postSolution
		SolutionGuid = {689BCAAC-3370-472A-85D9-6EA1786A97AA}
	EndGlobalSection
EndGlobal
